// !$*UTF8*$!
{
	archiveVersion = 1;
	classes = {
	};
	objectVersion = 50;
	objects = {

/* Begin PBXBuildFile section */
		DCF75D54227CF1970027AFE5 /* AppDelegate.swift in Sources */ = {isa = PBXBuildFile; fileRef = DCF75D53227CF1970027AFE5 /* AppDelegate.swift */; };
		DCF75D59227CF1970027AFE5 /* Main.storyboard in Resources */ = {isa = PBXBuildFile; fileRef = DCF75D57227CF1970027AFE5 /* Main.storyboard */; };
		DCF75D5B227CF1970027AFE5 /* Assets.xcassets in Resources */ = {isa = PBXBuildFile; fileRef = DCF75D5A227CF1970027AFE5 /* Assets.xcassets */; };
		DCF75D5E227CF1970027AFE5 /* LaunchScreen.storyboard in Resources */ = {isa = PBXBuildFile; fileRef = DCF75D5C227CF1970027AFE5 /* LaunchScreen.storyboard */; };
		DCF75D69227CF1970027AFE5 /* learnGITTests.swift in Sources */ = {isa = PBXBuildFile; fileRef = DCF75D68227CF1970027AFE5 /* learnGITTests.swift */; };
		DCF75D75227CF6B90027AFE5 /* AGoodViewController.swift in Sources */ = {isa = PBXBuildFile; fileRef = DCF75D74227CF6B90027AFE5 /* AGoodViewController.swift */; };
/* End PBXBuildFile section */

/* Begin PBXContainerItemProxy section */
		DCF75D65227CF1970027AFE5 /* PBXContainerItemProxy */ = {
			isa = PBXContainerItemProxy;
			containerPortal = DCF75D48227CF1960027AFE5 /* Project object */;
			proxyType = 1;
			remoteGlobalIDString = DCF75D4F227CF1960027AFE5;
			remoteInfo = learnGIT;
		};
/* End PBXContainerItemProxy section */

/* Begin PBXFileReference section */
		DCF75D50227CF1960027AFE5 /* learnGIT.app */ = {isa = PBXFileReference; explicitFileType = wrapper.application; includeInIndex = 0; path = learnGIT.app; sourceTree = BUILT_PRODUCTS_DIR; };
		DCF75D53227CF1970027AFE5 /* AppDelegate.swift */ = {isa = PBXFileReference; lastKnownFileType = sourcecode.swift; path = AppDelegate.swift; sourceTree = "<group>"; };
		DCF75D58227CF1970027AFE5 /* Base */ = {isa = PBXFileReference; lastKnownFileType = file.storyboard; name = Base; path = Base.lproj/Main.storyboard; sourceTree = "<group>"; };
		DCF75D5A227CF1970027AFE5 /* Assets.xcassets */ = {isa = PBXFileReference; lastKnownFileType = folder.assetcatalog; path = Assets.xcassets; sourceTree = "<group>"; };
		DCF75D5D227CF1970027AFE5 /* Base */ = {isa = PBXFileReference; lastKnownFileType = file.storyboard; name = Base; path = Base.lproj/LaunchScreen.storyboard; sourceTree = "<group>"; };
		DCF75D5F227CF1970027AFE5 /* Info.plist */ = {isa = PBXFileReference; lastKnownFileType = text.plist.xml; path = Info.plist; sourceTree = "<group>"; };
		DCF75D64227CF1970027AFE5 /* learnGITTests.xctest */ = {isa = PBXFileReference; explicitFileType = wrapper.cfbundle; includeInIndex = 0; path = learnGITTests.xctest; sourceTree = BUILT_PRODUCTS_DIR; };
		DCF75D68227CF1970027AFE5 /* learnGITTests.swift */ = {isa = PBXFileReference; lastKnownFileType = sourcecode.swift; path = learnGITTests.swift; sourceTree = "<group>"; };
		DCF75D6A227CF1970027AFE5 /* Info.plist */ = {isa = PBXFileReference; lastKnownFileType = text.plist.xml; path = Info.plist; sourceTree = "<group>"; };
		DCF75D74227CF6B90027AFE5 /* AGoodViewController.swift */ = {isa = PBXFileReference; lastKnownFileType = sourcecode.swift; path = AGoodViewController.swift; sourceTree = "<group>"; };
/* End PBXFileReference section */

/* Begin PBXFrameworksBuildPhase section */
		DCF75D4D227CF1960027AFE5 /* Frameworks */ = {
			isa = PBXFrameworksBuildPhase;
			buildActionMask = 2147483647;
			files = (
			);
			runOnlyForDeploymentPostprocessing = 0;
		};
		DCF75D61227CF1970027AFE5 /* Frameworks */ = {
			isa = PBXFrameworksBuildPhase;
			buildActionMask = 2147483647;
			files = (
			);
			runOnlyForDeploymentPostprocessing = 0;
		};
/* End PBXFrameworksBuildPhase section */

/* Begin PBXGroup section */
		DCF75D47227CF1960027AFE5 = {
			isa = PBXGroup;
			children = (
				DCF75D52227CF1960027AFE5 /* learnGIT */,
				DCF75D67227CF1970027AFE5 /* learnGITTests */,
				DCF75D51227CF1960027AFE5 /* Products */,
			);
			sourceTree = "<group>";
		};
		DCF75D51227CF1960027AFE5 /* Products */ = {
			isa = PBXGroup;
			children = (
				DCF75D50227CF1960027AFE5 /* learnGIT.app */,
				DCF75D64227CF1970027AFE5 /* learnGITTests.xctest */,
			);
			name = Products;
			sourceTree = "<group>";
		};
		DCF75D52227CF1960027AFE5 /* learnGIT */ = {
			isa = PBXGroup;
			children = (
				DCF75D73227CF6850027AFE5 /* Resources */,
				DCF75D57227CF1970027AFE5 /* Main.storyboard */,
				DCF75D76227CF6C40027AFE5 /* ViewControllers */,
			);
			path = learnGIT;
			sourceTree = "<group>";
		};
		DCF75D67227CF1970027AFE5 /* learnGITTests */ = {
			isa = PBXGroup;
			children = (
				DCF75D68227CF1970027AFE5 /* learnGITTests.swift */,
				DCF75D6A227CF1970027AFE5 /* Info.plist */,
			);
			path = learnGITTests;
			sourceTree = "<group>";
		};
		DCF75D73227CF6850027AFE5 /* Resources */ = {
			isa = PBXGroup;
			children = (
				DCF75D53227CF1970027AFE5 /* AppDelegate.swift */,
				DCF75D5A227CF1970027AFE5 /* Assets.xcassets */,
				DCF75D5C227CF1970027AFE5 /* LaunchScreen.storyboard */,
				DCF75D5F227CF1970027AFE5 /* Info.plist */,
			);
			path = Resources;
			sourceTree = "<group>";
		};
		DCF75D76227CF6C40027AFE5 /* ViewControllers */ = {
			isa = PBXGroup;
			children = (
				DCF75D74227CF6B90027AFE5 /* AGoodViewController.swift */,
			);
			path = ViewControllers;
			sourceTree = "<group>";
		};
/* End PBXGroup section */

/* Begin PBXNativeTarget section */
		DCF75D4F227CF1960027AFE5 /* learnGIT */ = {
			isa = PBXNativeTarget;
			buildConfigurationList = DCF75D6D227CF1970027AFE5 /* Build configuration list for PBXNativeTarget "learnGIT" */;
			buildPhases = (
				DCF75D4C227CF1960027AFE5 /* Sources */,
				DCF75D4D227CF1960027AFE5 /* Frameworks */,
				DCF75D4E227CF1960027AFE5 /* Resources */,
			);
			buildRules = (
			);
			dependencies = (
			);
			name = learnGIT;
			productName = learnGIT;
			productReference = DCF75D50227CF1960027AFE5 /* learnGIT.app */;
			productType = "com.apple.product-type.application";
		};
		DCF75D63227CF1970027AFE5 /* learnGITTests */ = {
			isa = PBXNativeTarget;
			buildConfigurationList = DCF75D70227CF1970027AFE5 /* Build configuration list for PBXNativeTarget "learnGITTests" */;
			buildPhases = (
				DCF75D60227CF1970027AFE5 /* Sources */,
				DCF75D61227CF1970027AFE5 /* Frameworks */,
				DCF75D62227CF1970027AFE5 /* Resources */,
			);
			buildRules = (
			);
			dependencies = (
				DCF75D66227CF1970027AFE5 /* PBXTargetDependency */,
			);
			name = learnGITTests;
			productName = learnGITTests;
			productReference = DCF75D64227CF1970027AFE5 /* learnGITTests.xctest */;
			productType = "com.apple.product-type.bundle.unit-test";
		};
/* End PBXNativeTarget section */

/* Begin PBXProject section */
		DCF75D48227CF1960027AFE5 /* Project object */ = {
			isa = PBXProject;
			attributes = {
				LastSwiftUpdateCheck = 1020;
				LastUpgradeCheck = 1020;
				ORGANIZATIONNAME = DevMountain;
				TargetAttributes = {
					DCF75D4F227CF1960027AFE5 = {
						CreatedOnToolsVersion = 10.2.1;
					};
					DCF75D63227CF1970027AFE5 = {
						CreatedOnToolsVersion = 10.2.1;
						TestTargetID = DCF75D4F227CF1960027AFE5;
					};
				};
			};
			buildConfigurationList = DCF75D4B227CF1960027AFE5 /* Build configuration list for PBXProject "learnGIT" */;
			compatibilityVersion = "Xcode 9.3";
			developmentRegion = en;
			hasScannedForEncodings = 0;
			knownRegions = (
				en,
				Base,
			);
			mainGroup = DCF75D47227CF1960027AFE5;
			productRefGroup = DCF75D51227CF1960027AFE5 /* Products */;
			projectDirPath = "";
			projectRoot = "";
			targets = (
				DCF75D4F227CF1960027AFE5 /* learnGIT */,
				DCF75D63227CF1970027AFE5 /* learnGITTests */,
			);
		};
/* End PBXProject section */

/* Begin PBXResourcesBuildPhase section */
		DCF75D4E227CF1960027AFE5 /* Resources */ = {
			isa = PBXResourcesBuildPhase;
			buildActionMask = 2147483647;
			files = (
				DCF75D5E227CF1970027AFE5 /* LaunchScreen.storyboard in Resources */,
				DCF75D5B227CF1970027AFE5 /* Assets.xcassets in Resources */,
				DCF75D59227CF1970027AFE5 /* Main.storyboard in Resources */,
			);
			runOnlyForDeploymentPostprocessing = 0;
		};
		DCF75D62227CF1970027AFE5 /* Resources */ = {
			isa = PBXResourcesBuildPhase;
			buildActionMask = 2147483647;
			files = (
			);
			runOnlyForDeploymentPostprocessing = 0;
		};
/* End PBXResourcesBuildPhase section */

/* Begin PBXSourcesBuildPhase section */
		DCF75D4C227CF1960027AFE5 /* Sources */ = {
			isa = PBXSourcesBuildPhase;
			buildActionMask = 2147483647;
			files = (
				DCF75D54227CF1970027AFE5 /* AppDelegate.swift in Sources */,
				DCF75D75227CF6B90027AFE5 /* AGoodViewController.swift in Sources */,
			);
			runOnlyForDeploymentPostprocessing = 0;
		};
		DCF75D60227CF1970027AFE5 /* Sources */ = {
			isa = PBXSourcesBuildPhase;
			buildActionMask = 2147483647;
			files = (
				DCF75D69227CF1970027AFE5 /* learnGITTests.swift in Sources */,
			);
			runOnlyForDeploymentPostprocessing = 0;
		};
/* End PBXSourcesBuildPhase section */

/* Begin PBXTargetDependency section */
		DCF75D66227CF1970027AFE5 /* PBXTargetDependency */ = {
			isa = PBXTargetDependency;
			target = DCF75D4F227CF1960027AFE5 /* learnGIT */;
			targetProxy = DCF75D65227CF1970027AFE5 /* PBXContainerItemProxy */;
		};
/* End PBXTargetDependency section */

/* Begin PBXVariantGroup section */
		DCF75D57227CF1970027AFE5 /* Main.storyboard */ = {
			isa = PBXVariantGroup;
			children = (
				DCF75D58227CF1970027AFE5 /* Base */,
			);
			name = Main.storyboard;
			sourceTree = "<group>";
		};
		DCF75D5C227CF1970027AFE5 /* LaunchScreen.storyboard */ = {
			isa = PBXVariantGroup;
			children = (
				DCF75D5D227CF1970027AFE5 /* Base */,
			);
			name = LaunchScreen.storyboard;
			sourceTree = "<group>";
		};
/* End PBXVariantGroup section */

/* Begin XCBuildConfiguration section */
		DCF75D6B227CF1970027AFE5 /* Debug */ = {
			isa = XCBuildConfiguration;
			buildSettings = {
				ALWAYS_SEARCH_USER_PATHS = NO;
				CLANG_ANALYZER_NONNULL = YES;
				CLANG_ANALYZER_NUMBER_OBJECT_CONVERSION = YES_AGGRESSIVE;
				CLANG_CXX_LANGUAGE_STANDARD = "gnu++14";
				CLANG_CXX_LIBRARY = "libc++";
				CLANG_ENABLE_MODULES = YES;
				CLANG_ENABLE_OBJC_ARC = YES;
				CLANG_ENABLE_OBJC_WEAK = YES;
				CLANG_WARN_BLOCK_CAPTURE_AUTORELEASING = YES;
				CLANG_WARN_BOOL_CONVERSION = YES;
				CLANG_WARN_COMMA = YES;
				CLANG_WARN_CONSTANT_CONVERSION = YES;
				CLANG_WARN_DEPRECATED_OBJC_IMPLEMENTATIONS = YES;
				CLANG_WARN_DIRECT_OBJC_ISA_USAGE = YES_ERROR;
				CLANG_WARN_DOCUMENTATION_COMMENTS = YES;
				CLANG_WARN_EMPTY_BODY = YES;
				CLANG_WARN_ENUM_CONVERSION = YES;
				CLANG_WARN_INFINITE_RECURSION = YES;
				CLANG_WARN_INT_CONVERSION = YES;
				CLANG_WARN_NON_LITERAL_NULL_CONVERSION = YES;
				CLANG_WARN_OBJC_IMPLICIT_RETAIN_SELF = YES;
				CLANG_WARN_OBJC_LITERAL_CONVERSION = YES;
				CLANG_WARN_OBJC_ROOT_CLASS = YES_ERROR;
				CLANG_WARN_RANGE_LOOP_ANALYSIS = YES;
				CLANG_WARN_STRICT_PROTOTYPES = YES;
				CLANG_WARN_SUSPICIOUS_MOVE = YES;
				CLANG_WARN_UNGUARDED_AVAILABILITY = YES_AGGRESSIVE;
				CLANG_WARN_UNREACHABLE_CODE = YES;
				CLANG_WARN__DUPLICATE_METHOD_MATCH = YES;
				CODE_SIGN_IDENTITY = "iPhone Developer";
				COPY_PHASE_STRIP = NO;
				DEBUG_INFORMATION_FORMAT = dwarf;
				ENABLE_STRICT_OBJC_MSGSEND = YES;
				ENABLE_TESTABILITY = YES;
				GCC_C_LANGUAGE_STANDARD = gnu11;
				GCC_DYNAMIC_NO_PIC = NO;
				GCC_NO_COMMON_BLOCKS = YES;
				GCC_OPTIMIZATION_LEVEL = 0;
				GCC_PREPROCESSOR_DEFINITIONS = (
					"DEBUG=1",
					"$(inherited)",
				);
				GCC_WARN_64_TO_32_BIT_CONVERSION = YES;
				GCC_WARN_ABOUT_RETURN_TYPE = YES_ERROR;
				GCC_WARN_UNDECLARED_SELECTOR = YES;
				GCC_WARN_UNINITIALIZED_AUTOS = YES_AGGRESSIVE;
				GCC_WARN_UNUSED_FUNCTION = YES;
				GCC_WARN_UNUSED_VARIABLE = YES;
				IPHONEOS_DEPLOYMENT_TARGET = 12.2;
				MTL_ENABLE_DEBUG_INFO = INCLUDE_SOURCE;
				MTL_FAST_MATH = YES;
				ONLY_ACTIVE_ARCH = YES;
				SDKROOT = iphoneos;
				SWIFT_ACTIVE_COMPILATION_CONDITIONS = DEBUG;
				SWIFT_OPTIMIZATION_LEVEL = "-Onone";
			};
			name = Debug;
		};
		DCF75D6C227CF1970027AFE5 /* Release */ = {
			isa = XCBuildConfiguration;
			buildSettings = {
				ALWAYS_SEARCH_USER_PATHS = NO;
				CLANG_ANALYZER_NONNULL = YES;
				CLANG_ANALYZER_NUMBER_OBJECT_CONVERSION = YES_AGGRESSIVE;
				CLANG_CXX_LANGUAGE_STANDARD = "gnu++14";
				CLANG_CXX_LIBRARY = "libc++";
				CLANG_ENABLE_MODULES = YES;
				CLANG_ENABLE_OBJC_ARC = YES;
				CLANG_ENABLE_OBJC_WEAK = YES;
				CLANG_WARN_BLOCK_CAPTURE_AUTORELEASING = YES;
				CLANG_WARN_BOOL_CONVERSION = YES;
				CLANG_WARN_COMMA = YES;
				CLANG_WARN_CONSTANT_CONVERSION = YES;
				CLANG_WARN_DEPRECATED_OBJC_IMPLEMENTATIONS = YES;
				CLANG_WARN_DIRECT_OBJC_ISA_USAGE = YES_ERROR;
				CLANG_WARN_DOCUMENTATION_COMMENTS = YES;
				CLANG_WARN_EMPTY_BODY = YES;
				CLANG_WARN_ENUM_CONVERSION = YES;
				CLANG_WARN_INFINITE_RECURSION = YES;
				CLANG_WARN_INT_CONVERSION = YES;
				CLANG_WARN_NON_LITERAL_NULL_CONVERSION = YES;
				CLANG_WARN_OBJC_IMPLICIT_RETAIN_SELF = YES;
				CLANG_WARN_OBJC_LITERAL_CONVERSION = YES;
				CLANG_WARN_OBJC_ROOT_CLASS = YES_ERROR;
				CLANG_WARN_RANGE_LOOP_ANALYSIS = YES;
				CLANG_WARN_STRICT_PROTOTYPES = YES;
				CLANG_WARN_SUSPICIOUS_MOVE = YES;
				CLANG_WARN_UNGUARDED_AVAILABILITY = YES_AGGRESSIVE;
				CLANG_WARN_UNREACHABLE_CODE = YES;
				CLANG_WARN__DUPLICATE_METHOD_MATCH = YES;
				CODE_SIGN_IDENTITY = "iPhone Developer";
				COPY_PHASE_STRIP = NO;
				DEBUG_INFORMATION_FORMAT = "dwarf-with-dsym";
				ENABLE_NS_ASSERTIONS = NO;
				ENABLE_STRICT_OBJC_MSGSEND = YES;
				GCC_C_LANGUAGE_STANDARD = gnu11;
				GCC_NO_COMMON_BLOCKS = YES;
				GCC_WARN_64_TO_32_BIT_CONVERSION = YES;
				GCC_WARN_ABOUT_RETURN_TYPE = YES_ERROR;
				GCC_WARN_UNDECLARED_SELECTOR = YES;
				GCC_WARN_UNINITIALIZED_AUTOS = YES_AGGRESSIVE;
				GCC_WARN_UNUSED_FUNCTION = YES;
				GCC_WARN_UNUSED_VARIABLE = YES;
				IPHONEOS_DEPLOYMENT_TARGET = 12.2;
				MTL_ENABLE_DEBUG_INFO = NO;
				MTL_FAST_MATH = YES;
				SDKROOT = iphoneos;
				SWIFT_COMPILATION_MODE = wholemodule;
				SWIFT_OPTIMIZATION_LEVEL = "-O";
				VALIDATE_PRODUCT = YES;
			};
			name = Release;
		};
		DCF75D6E227CF1970027AFE5 /* Debug */ = {
			isa = XCBuildConfiguration;
			buildSettings = {
				ASSETCATALOG_COMPILER_APPICON_NAME = AppIcon;
				CODE_SIGN_STYLE = Automatic;
				DEVELOPMENT_TEAM = DT6NQCY8FM;
				INFOPLIST_FILE = "$(SRCROOT)/learnGIT/Resources/Info.plist";
				LD_RUNPATH_SEARCH_PATHS = (
					"$(inherited)",
					"@executable_path/Frameworks",
				);
				PRODUCT_BUNDLE_IDENTIFIER = KadenDevMountain.learnGIT;
				PRODUCT_NAME = "$(TARGET_NAME)";
				SWIFT_VERSION = 5.0;
				TARGETED_DEVICE_FAMILY = "1,2";
			};
			name = Debug;
		};
		DCF75D6F227CF1970027AFE5 /* Release */ = {
			isa = XCBuildConfiguration;
			buildSettings = {
				ASSETCATALOG_COMPILER_APPICON_NAME = AppIcon;
				CODE_SIGN_STYLE = Automatic;
				DEVELOPMENT_TEAM = DT6NQCY8FM;
				INFOPLIST_FILE = "$(SRCROOT)/learnGIT/Resources/Info.plist";
				LD_RUNPATH_SEARCH_PATHS = (
					"$(inherited)",
					"@executable_path/Frameworks",
				);
				PRODUCT_BUNDLE_IDENTIFIER = KadenDevMountain.learnGIT;
				PRODUCT_NAME = "$(TARGET_NAME)";
				SWIFT_VERSION = 5.0;
				TARGETED_DEVICE_FAMILY = "1,2";
			};
			name = Release;
		};
		DCF75D71227CF1970027AFE5 /* Debug */ = {
			isa = XCBuildConfiguration;
			buildSettings = {
				ALWAYS_EMBED_SWIFT_STANDARD_LIBRARIES = YES;
				BUNDLE_LOADER = "$(TEST_HOST)";
				CODE_SIGN_STYLE = Automatic;
				DEVELOPMENT_TEAM = DT6NQCY8FM;
				INFOPLIST_FILE = learnGITTests/Info.plist;
				LD_RUNPATH_SEARCH_PATHS = (
					"$(inherited)",
					"@executable_path/Frameworks",
					"@loader_path/Frameworks",
				);
				PRODUCT_BUNDLE_IDENTIFIER = KadenDevMountain.learnGITTests;
				PRODUCT_NAME = "$(TARGET_NAME)";
				SWIFT_VERSION = 5.0;
				TARGETED_DEVICE_FAMILY = "1,2";
				TEST_HOST = "$(BUILT_PRODUCTS_DIR)/learnGIT.app/learnGIT";
			};
			name = Debug;
		};
		DCF75D72227CF1970027AFE5 /* Release */ = {
			isa = XCBuildConfiguration;
			buildSettings = {
				ALWAYS_EMBED_SWIFT_STANDARD_LIBRARIES = YES;
				BUNDLE_LOADER = "$(TEST_HOST)";
				CODE_SIGN_STYLE = Automatic;
				DEVELOPMENT_TEAM = DT6NQCY8FM;
				INFOPLIST_FILE = learnGITTests/Info.plist;
				LD_RUNPATH_SEARCH_PATHS = (
					"$(inherited)",
					"@executable_path/Frameworks",
					"@loader_path/Frameworks",
				);
				PRODUCT_BUNDLE_IDENTIFIER = KadenDevMountain.learnGITTests;
				PRODUCT_NAME = "$(TARGET_NAME)";
				SWIFT_VERSION = 5.0;
				TARGETED_DEVICE_FAMILY = "1,2";
				TEST_HOST = "$(BUILT_PRODUCTS_DIR)/learnGIT.app/learnGIT";
			};
			name = Release;
		};
/* End XCBuildConfiguration section */

/* Begin XCConfigurationList section */
		DCF75D4B227CF1960027AFE5 /* Build configuration list for PBXProject "learnGIT" */ = {
			isa = XCConfigurationList;
			buildConfigurations = (
				DCF75D6B227CF1970027AFE5 /* Debug */,
				DCF75D6C227CF1970027AFE5 /* Release */,
			);
			defaultConfigurationIsVisible = 0;
			defaultConfigurationName = Release;
		};
		DCF75D6D227CF1970027AFE5 /* Build configuration list for PBXNativeTarget "learnGIT" */ = {
			isa = XCConfigurationList;
			buildConfigurations = (
				DCF75D6E227CF1970027AFE5 /* Debug */,
				DCF75D6F227CF1970027AFE5 /* Release */,
			);
			defaultConfigurationIsVisible = 0;
			defaultConfigurationName = Release;
		};
		DCF75D70227CF1970027AFE5 /* Build configuration list for PBXNativeTarget "learnGITTests" */ = {
			isa = XCConfigurationList;
			buildConfigurations = (
				DCF75D71227CF1970027AFE5 /* Debug */,
				DCF75D72227CF1970027AFE5 /* Release */,
			);
			defaultConfigurationIsVisible = 0;
			defaultConfigurationName = Release;
		};
/* End XCConfigurationList section */
	};
	rootObject = DCF75D48227CF1960027AFE5 /* Project object */;
}
